
Microsoft Visual Studio Solution File, Format Version 12.00
# Visual Studio Version 17
VisualStudioVersion = 17.0.32112.339
MinimumVisualStudioVersion = 10.0.40219.1
Project("{FAE04EC0-301F-11D3-BF4B-00C04F79EFBC}") = "DotNetCoreWebApi.API", "DotNetCoreWebApi.API\DotNetCoreWebApi.API.csproj", "{C09DAF05-ECC4-4F47-9F67-464246FF85F6}"
EndProject
Project("{9A19103F-16F7-4668-BE54-9A1E7A4F7556}") = "DotNetCoreWebApi.BLL", "DotNetCoreWebApi.BLL\DotNetCoreWebApi.BLL.csproj", "{D8CAE45A-4037-4251-9681-2855B627C2E9}"
EndProject
Project("{FAE04EC0-301F-11D3-BF4B-00C04F79EFBC}") = "DotNetCoreWebApi.DAL", "DotNetCoreWebApi.DAL\DotNetCoreWebApi.DAL.csproj", "{4AB532F1-57C9-472D-B2DF-B724D10F008E}"
EndProject
Project("{FAE04EC0-301F-11D3-BF4B-00C04F79EFBC}") = "DotNetCoreWebApi.Common", "DotNetCoreWebApi.Common\DotNetCoreWebApi.Common.csproj", "{87950947-2575-4656-8042-55FAE598D054}"
EndProject
Global
	GlobalSection(SolutionConfigurationPlatforms) = preSolution
		Debug|Any CPU = Debug|Any CPU
		Release|Any CPU = Release|Any CPU
	EndGlobalSection
	GlobalSection(ProjectConfigurationPlatforms) = postSolution
		{C09DAF05-ECC4-4F47-9F67-464246FF85F6}.Debug|Any CPU.ActiveCfg = Debug|Any CPU
		{C09DAF05-ECC4-4F47-9F67-464246FF85F6}.Debug|Any CPU.Build.0 = Debug|Any CPU
		{C09DAF05-ECC4-4F47-9F67-464246FF85F6}.Release|Any CPU.ActiveCfg = Release|Any CPU
		{C09DAF05-ECC4-4F47-9F67-464246FF85F6}.Release|Any CPU.Build.0 = Release|Any CPU
		{D8CAE45A-4037-4251-9681-2855B627C2E9}.Debug|Any CPU.ActiveCfg = Debug|Any CPU
		{D8CAE45A-4037-4251-9681-2855B627C2E9}.Debug|Any CPU.Build.0 = Debug|Any CPU
		{D8CAE45A-4037-4251-9681-2855B627C2E9}.Release|Any CPU.ActiveCfg = Release|Any CPU
		{D8CAE45A-4037-4251-9681-2855B627C2E9}.Release|Any CPU.Build.0 = Release|Any CPU
		{4AB532F1-57C9-472D-B2DF-B724D10F008E}.Debug|Any CPU.ActiveCfg = Debug|Any CPU
		{4AB532F1-57C9-472D-B2DF-B724D10F008E}.Debug|Any CPU.Build.0 = Debug|Any CPU
		{4AB532F1-57C9-472D-B2DF-B724D10F008E}.Release|Any CPU.ActiveCfg = Release|Any CPU
		{4AB532F1-57C9-472D-B2DF-B724D10F008E}.Release|Any CPU.Build.0 = Release|Any CPU
		{87950947-2575-4656-8042-55FAE598D054}.Debug|Any CPU.ActiveCfg = Debug|Any CPU
		{87950947-2575-4656-8042-55FAE598D054}.Debug|Any CPU.Build.0 = Debug|Any CPU
		{87950947-2575-4656-8042-55FAE598D054}.Release|Any CPU.ActiveCfg = Release|Any CPU
		{87950947-2575-4656-8042-55FAE598D054}.Release|Any CPU.Build.0 = Release|Any CPU
	EndGlobalSection
	GlobalSection(SolutionProperties) = preSolution
		HideSolutionNode = FALSE
	EndGlobalSection
	GlobalSection(ExtensibilityGlobals) = postSolution
		SolutionGuid = {4EBDF9DB-FC6D-44C6-B7ED-8237B5144EBA}
	EndGlobalSection
EndGlobal
